
Microsoft Visual Studio Solution File, Format Version 11.00
# Visual Studio 2010
Project("{FAE04EC0-301F-11D3-BF4B-00C04F79EFBC}") = "SCTServiceWCF", "SCTServiceWCF\SCTServiceWCF.csproj", "{FCB2C844-EE9C-4C1A-8855-92CA148F4BBA}"
EndProject
Project("{2150E333-8FDC-42A3-9474-1A3956D46DE8}") = "Librerias", "Librerias", "{6728D4FB-723F-489F-9D00-E876ECD83D59}"
	ProjectSection(SolutionItems) = preProject
		G:\Juan Mallqui Proyectos\JUAN MALLQUI\UPC\DSD\jmallqui\AsesoresService\Librerias\Iesi.Collections.dll = G:\Juan Mallqui Proyectos\JUAN MALLQUI\UPC\DSD\jmallqui\AsesoresService\Librerias\Iesi.Collections.dll
		G:\Juan Mallqui Proyectos\JUAN MALLQUI\UPC\DSD\jmallqui\AsesoresService\Librerias\NHibernate.dll = G:\Juan Mallqui Proyectos\JUAN MALLQUI\UPC\DSD\jmallqui\AsesoresService\Librerias\NHibernate.dll
	EndProjectSection
EndProject
Project("{FAE04EC0-301F-11D3-BF4B-00C04F79EFBC}") = "WebAgencia", "WebAgencia\WebAgencia.csproj", "{D312EBE5-F56F-45B5-8DA0-029FB1D9DF4F}"
	ProjectSection(ProjectDependencies) = postProject
		{FCB2C844-EE9C-4C1A-8855-92CA148F4BBA} = {FCB2C844-EE9C-4C1A-8855-92CA148F4BBA}
	EndProjectSection
EndProject
Project("{FAE04EC0-301F-11D3-BF4B-00C04F79EFBC}") = "TestEmpresaService", "TestEmpresaService\TestEmpresaService.csproj", "{D9C442BC-C923-4653-9690-9BF3E07F980F}"
EndProject
Global
	GlobalSection(SolutionConfigurationPlatforms) = preSolution
		Debug|Any CPU = Debug|Any CPU
		Release|Any CPU = Release|Any CPU
	EndGlobalSection
	GlobalSection(ProjectConfigurationPlatforms) = postSolution
		{FCB2C844-EE9C-4C1A-8855-92CA148F4BBA}.Debug|Any CPU.ActiveCfg = Debug|Any CPU
		{FCB2C844-EE9C-4C1A-8855-92CA148F4BBA}.Debug|Any CPU.Build.0 = Debug|Any CPU
		{FCB2C844-EE9C-4C1A-8855-92CA148F4BBA}.Release|Any CPU.ActiveCfg = Release|Any CPU
		{FCB2C844-EE9C-4C1A-8855-92CA148F4BBA}.Release|Any CPU.Build.0 = Release|Any CPU
		{D312EBE5-F56F-45B5-8DA0-029FB1D9DF4F}.Debug|Any CPU.ActiveCfg = Debug|Any CPU
		{D312EBE5-F56F-45B5-8DA0-029FB1D9DF4F}.Debug|Any CPU.Build.0 = Debug|Any CPU
		{D312EBE5-F56F-45B5-8DA0-029FB1D9DF4F}.Release|Any CPU.ActiveCfg = Release|Any CPU
		{D312EBE5-F56F-45B5-8DA0-029FB1D9DF4F}.Release|Any CPU.Build.0 = Release|Any CPU
		{D9C442BC-C923-4653-9690-9BF3E07F980F}.Debug|Any CPU.ActiveCfg = Debug|Any CPU
		{D9C442BC-C923-4653-9690-9BF3E07F980F}.Debug|Any CPU.Build.0 = Debug|Any CPU
		{D9C442BC-C923-4653-9690-9BF3E07F980F}.Release|Any CPU.ActiveCfg = Release|Any CPU
		{D9C442BC-C923-4653-9690-9BF3E07F980F}.Release|Any CPU.Build.0 = Release|Any CPU
	EndGlobalSection
	GlobalSection(SolutionProperties) = preSolution
		HideSolutionNode = FALSE
	EndGlobalSection
EndGlobal
