
Microsoft Visual Studio Solution File, Format Version 10.00
# Visual Studio 2008
Project("{FAE04EC0-301F-11D3-BF4B-00C04F79EFBC}") = "DSD_Mobile", "DSD_Mobile\DSD_Mobile.csproj", "{5AAF40E0-597F-42FA-B3FD-0DB82F4BEF23}"
EndProject
Global
	GlobalSection(SolutionConfigurationPlatforms) = preSolution
		Debug|Any CPU = Debug|Any CPU
		Release|Any CPU = Release|Any CPU
	EndGlobalSection
	GlobalSection(ProjectConfigurationPlatforms) = postSolution
		{5AAF40E0-597F-42FA-B3FD-0DB82F4BEF23}.Debug|Any CPU.ActiveCfg = Debug|Any CPU
		{5AAF40E0-597F-42FA-B3FD-0DB82F4BEF23}.Debug|Any CPU.Build.0 = Debug|Any CPU
		{5AAF40E0-597F-42FA-B3FD-0DB82F4BEF23}.Debug|Any CPU.Deploy.0 = Debug|Any CPU
		{5AAF40E0-597F-42FA-B3FD-0DB82F4BEF23}.Release|Any CPU.ActiveCfg = Release|Any CPU
		{5AAF40E0-597F-42FA-B3FD-0DB82F4BEF23}.Release|Any CPU.Build.0 = Release|Any CPU
		{5AAF40E0-597F-42FA-B3FD-0DB82F4BEF23}.Release|Any CPU.Deploy.0 = Release|Any CPU
	EndGlobalSection
	GlobalSection(SolutionProperties) = preSolution
		HideSolutionNode = FALSE
	EndGlobalSection
EndGlobal
